
Microsoft Visual Studio Solution File, Format Version 12.00
# Visual Studio Version 17
VisualStudioVersion = 17.1.32328.378
MinimumVisualStudioVersion = 10.0.40219.1
Project("{9A19103F-16F7-4668-BE54-9A1E7A4F7556}") = "Tetris23", "Tetris23\Tetris23.csproj", "{4E41BC95-11DE-422A-827B-5CD90C4575C0}"
EndProject
Project("{FAE04EC0-301F-11D3-BF4B-00C04F79EFBC}") = "Tetris23_xUnit_Tests", "Tetris23_xUnit_Tests\Tetris23_xUnit_Tests.csproj", "{D9641095-02EF-45E1-B3E6-26BDB58CDF54}"
EndProject
Global
	GlobalSection(SolutionConfigurationPlatforms) = preSolution
		Debug|Any CPU = Debug|Any CPU
		Release|Any CPU = Release|Any CPU
	EndGlobalSection
	GlobalSection(ProjectConfigurationPlatforms) = postSolution
		{4E41BC95-11DE-422A-827B-5CD90C4575C0}.Debug|Any CPU.ActiveCfg = Debug|Any CPU
		{4E41BC95-11DE-422A-827B-5CD90C4575C0}.Debug|Any CPU.Build.0 = Debug|Any CPU
		{4E41BC95-11DE-422A-827B-5CD90C4575C0}.Release|Any CPU.ActiveCfg = Release|Any CPU
		{4E41BC95-11DE-422A-827B-5CD90C4575C0}.Release|Any CPU.Build.0 = Release|Any CPU
		{D9641095-02EF-45E1-B3E6-26BDB58CDF54}.Debug|Any CPU.ActiveCfg = Debug|Any CPU
		{D9641095-02EF-45E1-B3E6-26BDB58CDF54}.Debug|Any CPU.Build.0 = Debug|Any CPU
		{D9641095-02EF-45E1-B3E6-26BDB58CDF54}.Release|Any CPU.ActiveCfg = Release|Any CPU
		{D9641095-02EF-45E1-B3E6-26BDB58CDF54}.Release|Any CPU.Build.0 = Release|Any CPU
	EndGlobalSection
	GlobalSection(SolutionProperties) = preSolution
		HideSolutionNode = FALSE
	EndGlobalSection
	GlobalSection(ExtensibilityGlobals) = postSolution
		SolutionGuid = {57E00A7A-AFE4-40A1-A52F-24546DC85FA1}
	EndGlobalSection
EndGlobal
